// !$*UTF8*$!
{
	archiveVersion = 1;
	classes = {
	};
	objectVersion = 48;
	objects = {

/* Begin PBXBuildFile section */
		EE3B93492009A19A00DE4FF4 /* AppDelegate.swift in Sources */ = {isa = PBXBuildFile; fileRef = EE3B93482009A19A00DE4FF4 /* AppDelegate.swift */; };
		EE3B934B2009A19A00DE4FF4 /* ViewController.swift in Sources */ = {isa = PBXBuildFile; fileRef = EE3B934A2009A19A00DE4FF4 /* ViewController.swift */; };
		EE3B934E2009A19A00DE4FF4 /* Main.storyboard in Resources */ = {isa = PBXBuildFile; fileRef = EE3B934C2009A19A00DE4FF4 /* Main.storyboard */; };
		EE3B93502009A19A00DE4FF4 /* Assets.xcassets in Resources */ = {isa = PBXBuildFile; fileRef = EE3B934F2009A19A00DE4FF4 /* Assets.xcassets */; };
		EE3B93532009A19A00DE4FF4 /* LaunchScreen.storyboard in Resources */ = {isa = PBXBuildFile; fileRef = EE3B93512009A19A00DE4FF4 /* LaunchScreen.storyboard */; };
		EE3B935E2009A19A00DE4FF4 /* dicebeyond_mobile_iosTests.swift in Sources */ = {isa = PBXBuildFile; fileRef = EE3B935D2009A19A00DE4FF4 /* dicebeyond_mobile_iosTests.swift */; };
		EE3B93692009A19A00DE4FF4 /* dicebeyond_mobile_iosUITests.swift in Sources */ = {isa = PBXBuildFile; fileRef = EE3B93682009A19A00DE4FF4 /* dicebeyond_mobile_iosUITests.swift */; };
/* End PBXBuildFile section */

/* Begin PBXContainerItemProxy section */
		EE3B935A2009A19A00DE4FF4 /* PBXContainerItemProxy */ = {
			isa = PBXContainerItemProxy;
			containerPortal = EE3B933D2009A19900DE4FF4 /* Project object */;
			proxyType = 1;
			remoteGlobalIDString = EE3B93442009A19900DE4FF4;
			remoteInfo = "dicebeyond-mobile-ios";
		};
		EE3B93652009A19A00DE4FF4 /* PBXContainerItemProxy */ = {
			isa = PBXContainerItemProxy;
			containerPortal = EE3B933D2009A19900DE4FF4 /* Project object */;
			proxyType = 1;
			remoteGlobalIDString = EE3B93442009A19900DE4FF4;
			remoteInfo = "dicebeyond-mobile-ios";
		};
/* End PBXContainerItemProxy section */

/* Begin PBXFileReference section */
		EE3B93452009A19A00DE4FF4 /* dicebeyond-mobile-ios.app */ = {isa = PBXFileReference; explicitFileType = wrapper.application; includeInIndex = 0; path = "dicebeyond-mobile-ios.app"; sourceTree = BUILT_PRODUCTS_DIR; };
		EE3B93482009A19A00DE4FF4 /* AppDelegate.swift */ = {isa = PBXFileReference; lastKnownFileType = sourcecode.swift; path = AppDelegate.swift; sourceTree = "<group>"; };
		EE3B934A2009A19A00DE4FF4 /* ViewController.swift */ = {isa = PBXFileReference; lastKnownFileType = sourcecode.swift; path = ViewController.swift; sourceTree = "<group>"; };
		EE3B934D2009A19A00DE4FF4 /* Base */ = {isa = PBXFileReference; lastKnownFileType = file.storyboard; name = Base; path = Base.lproj/Main.storyboard; sourceTree = "<group>"; };
		EE3B934F2009A19A00DE4FF4 /* Assets.xcassets */ = {isa = PBXFileReference; lastKnownFileType = folder.assetcatalog; path = Assets.xcassets; sourceTree = "<group>"; };
		EE3B93522009A19A00DE4FF4 /* Base */ = {isa = PBXFileReference; lastKnownFileType = file.storyboard; name = Base; path = Base.lproj/LaunchScreen.storyboard; sourceTree = "<group>"; };
		EE3B93542009A19A00DE4FF4 /* Info.plist */ = {isa = PBXFileReference; lastKnownFileType = text.plist.xml; path = Info.plist; sourceTree = "<group>"; };
		EE3B93592009A19A00DE4FF4 /* dicebeyond-mobile-iosTests.xctest */ = {isa = PBXFileReference; explicitFileType = wrapper.cfbundle; includeInIndex = 0; path = "dicebeyond-mobile-iosTests.xctest"; sourceTree = BUILT_PRODUCTS_DIR; };
		EE3B935D2009A19A00DE4FF4 /* dicebeyond_mobile_iosTests.swift */ = {isa = PBXFileReference; lastKnownFileType = sourcecode.swift; path = dicebeyond_mobile_iosTests.swift; sourceTree = "<group>"; };
		EE3B935F2009A19A00DE4FF4 /* Info.plist */ = {isa = PBXFileReference; lastKnownFileType = text.plist.xml; path = Info.plist; sourceTree = "<group>"; };
		EE3B93642009A19A00DE4FF4 /* dicebeyond-mobile-iosUITests.xctest */ = {isa = PBXFileReference; explicitFileType = wrapper.cfbundle; includeInIndex = 0; path = "dicebeyond-mobile-iosUITests.xctest"; sourceTree = BUILT_PRODUCTS_DIR; };
		EE3B93682009A19A00DE4FF4 /* dicebeyond_mobile_iosUITests.swift */ = {isa = PBXFileReference; lastKnownFileType = sourcecode.swift; path = dicebeyond_mobile_iosUITests.swift; sourceTree = "<group>"; };
		EE3B936A2009A19A00DE4FF4 /* Info.plist */ = {isa = PBXFileReference; lastKnownFileType = text.plist.xml; path = Info.plist; sourceTree = "<group>"; };
/* End PBXFileReference section */

/* Begin PBXFrameworksBuildPhase section */
		EE3B93422009A19900DE4FF4 /* Frameworks */ = {
			isa = PBXFrameworksBuildPhase;
			buildActionMask = 2147483647;
			files = (
			);
			runOnlyForDeploymentPostprocessing = 0;
		};
		EE3B93562009A19A00DE4FF4 /* Frameworks */ = {
			isa = PBXFrameworksBuildPhase;
			buildActionMask = 2147483647;
			files = (
			);
			runOnlyForDeploymentPostprocessing = 0;
		};
		EE3B93612009A19A00DE4FF4 /* Frameworks */ = {
			isa = PBXFrameworksBuildPhase;
			buildActionMask = 2147483647;
			files = (
			);
			runOnlyForDeploymentPostprocessing = 0;
		};
/* End PBXFrameworksBuildPhase section */

/* Begin PBXGroup section */
		EE3B933C2009A19900DE4FF4 = {
			isa = PBXGroup;
			children = (
				EE3B93472009A19A00DE4FF4 /* dicebeyond-mobile-ios */,
				EE3B935C2009A19A00DE4FF4 /* dicebeyond-mobile-iosTests */,
				EE3B93672009A19A00DE4FF4 /* dicebeyond-mobile-iosUITests */,
				EE3B93462009A19A00DE4FF4 /* Products */,
			);
			sourceTree = "<group>";
		};
		EE3B93462009A19A00DE4FF4 /* Products */ = {
			isa = PBXGroup;
			children = (
				EE3B93452009A19A00DE4FF4 /* dicebeyond-mobile-ios.app */,
				EE3B93592009A19A00DE4FF4 /* dicebeyond-mobile-iosTests.xctest */,
				EE3B93642009A19A00DE4FF4 /* dicebeyond-mobile-iosUITests.xctest */,
			);
			name = Products;
			sourceTree = "<group>";
		};
		EE3B93472009A19A00DE4FF4 /* dicebeyond-mobile-ios */ = {
			isa = PBXGroup;
			children = (
				EE3B93482009A19A00DE4FF4 /* AppDelegate.swift */,
				EE3B934A2009A19A00DE4FF4 /* ViewController.swift */,
				EE3B934C2009A19A00DE4FF4 /* Main.storyboard */,
				EE3B934F2009A19A00DE4FF4 /* Assets.xcassets */,
				EE3B93512009A19A00DE4FF4 /* LaunchScreen.storyboard */,
				EE3B93542009A19A00DE4FF4 /* Info.plist */,
			);
			path = "dicebeyond-mobile-ios";
			sourceTree = "<group>";
		};
		EE3B935C2009A19A00DE4FF4 /* dicebeyond-mobile-iosTests */ = {
			isa = PBXGroup;
			children = (
				EE3B935D2009A19A00DE4FF4 /* dicebeyond_mobile_iosTests.swift */,
				EE3B935F2009A19A00DE4FF4 /* Info.plist */,
			);
			path = "dicebeyond-mobile-iosTests";
			sourceTree = "<group>";
		};
		EE3B93672009A19A00DE4FF4 /* dicebeyond-mobile-iosUITests */ = {
			isa = PBXGroup;
			children = (
				EE3B93682009A19A00DE4FF4 /* dicebeyond_mobile_iosUITests.swift */,
				EE3B936A2009A19A00DE4FF4 /* Info.plist */,
			);
			path = "dicebeyond-mobile-iosUITests";
			sourceTree = "<group>";
		};
/* End PBXGroup section */

/* Begin PBXNativeTarget section */
		EE3B93442009A19900DE4FF4 /* dicebeyond-mobile-ios */ = {
			isa = PBXNativeTarget;
			buildConfigurationList = EE3B936D2009A19A00DE4FF4 /* Build configuration list for PBXNativeTarget "dicebeyond-mobile-ios" */;
			buildPhases = (
				EE3B93412009A19900DE4FF4 /* Sources */,
				EE3B93422009A19900DE4FF4 /* Frameworks */,
				EE3B93432009A19900DE4FF4 /* Resources */,
			);
			buildRules = (
			);
			dependencies = (
			);
			name = "dicebeyond-mobile-ios";
			productName = "dicebeyond-mobile-ios";
			productReference = EE3B93452009A19A00DE4FF4 /* dicebeyond-mobile-ios.app */;
			productType = "com.apple.product-type.application";
		};
		EE3B93582009A19A00DE4FF4 /* dicebeyond-mobile-iosTests */ = {
			isa = PBXNativeTarget;
			buildConfigurationList = EE3B93702009A19A00DE4FF4 /* Build configuration list for PBXNativeTarget "dicebeyond-mobile-iosTests" */;
			buildPhases = (
				EE3B93552009A19A00DE4FF4 /* Sources */,
				EE3B93562009A19A00DE4FF4 /* Frameworks */,
				EE3B93572009A19A00DE4FF4 /* Resources */,
			);
			buildRules = (
			);
			dependencies = (
				EE3B935B2009A19A00DE4FF4 /* PBXTargetDependency */,
			);
			name = "dicebeyond-mobile-iosTests";
			productName = "dicebeyond-mobile-iosTests";
			productReference = EE3B93592009A19A00DE4FF4 /* dicebeyond-mobile-iosTests.xctest */;
			productType = "com.apple.product-type.bundle.unit-test";
		};
		EE3B93632009A19A00DE4FF4 /* dicebeyond-mobile-iosUITests */ = {
			isa = PBXNativeTarget;
			buildConfigurationList = EE3B93732009A19A00DE4FF4 /* Build configuration list for PBXNativeTarget "dicebeyond-mobile-iosUITests" */;
			buildPhases = (
				EE3B93602009A19A00DE4FF4 /* Sources */,
				EE3B93612009A19A00DE4FF4 /* Frameworks */,
				EE3B93622009A19A00DE4FF4 /* Resources */,
			);
			buildRules = (
			);
			dependencies = (
				EE3B93662009A19A00DE4FF4 /* PBXTargetDependency */,
			);
			name = "dicebeyond-mobile-iosUITests";
			productName = "dicebeyond-mobile-iosUITests";
			productReference = EE3B93642009A19A00DE4FF4 /* dicebeyond-mobile-iosUITests.xctest */;
			productType = "com.apple.product-type.bundle.ui-testing";
		};
/* End PBXNativeTarget section */

/* Begin PBXProject section */
		EE3B933D2009A19900DE4FF4 /* Project object */ = {
			isa = PBXProject;
			attributes = {
				LastSwiftUpdateCheck = 0920;
				LastUpgradeCheck = 0920;
				ORGANIZATIONNAME = DiceBeyond;
				TargetAttributes = {
					EE3B93442009A19900DE4FF4 = {
						CreatedOnToolsVersion = 9.2;
						ProvisioningStyle = Automatic;
					};
					EE3B93582009A19A00DE4FF4 = {
						CreatedOnToolsVersion = 9.2;
						ProvisioningStyle = Automatic;
						TestTargetID = EE3B93442009A19900DE4FF4;
					};
					EE3B93632009A19A00DE4FF4 = {
						CreatedOnToolsVersion = 9.2;
						ProvisioningStyle = Automatic;
						TestTargetID = EE3B93442009A19900DE4FF4;
					};
				};
			};
			buildConfigurationList = EE3B93402009A19900DE4FF4 /* Build configuration list for PBXProject "dicebeyond-mobile-ios" */;
			compatibilityVersion = "Xcode 8.0";
			developmentRegion = en;
			hasScannedForEncodings = 0;
			knownRegions = (
				en,
				Base,
			);
			mainGroup = EE3B933C2009A19900DE4FF4;
			productRefGroup = EE3B93462009A19A00DE4FF4 /* Products */;
			projectDirPath = "";
			projectRoot = "";
			targets = (
				EE3B93442009A19900DE4FF4 /* dicebeyond-mobile-ios */,
				EE3B93582009A19A00DE4FF4 /* dicebeyond-mobile-iosTests */,
				EE3B93632009A19A00DE4FF4 /* dicebeyond-mobile-iosUITests */,
			);
		};
/* End PBXProject section */

/* Begin PBXResourcesBuildPhase section */
		EE3B93432009A19900DE4FF4 /* Resources */ = {
			isa = PBXResourcesBuildPhase;
			buildActionMask = 2147483647;
			files = (
				EE3B93532009A19A00DE4FF4 /* LaunchScreen.storyboard in Resources */,
				EE3B93502009A19A00DE4FF4 /* Assets.xcassets in Resources */,
				EE3B934E2009A19A00DE4FF4 /* Main.storyboard in Resources */,
			);
			runOnlyForDeploymentPostprocessing = 0;
		};
		EE3B93572009A19A00DE4FF4 /* Resources */ = {
			isa = PBXResourcesBuildPhase;
			buildActionMask = 2147483647;
			files = (
			);
			runOnlyForDeploymentPostprocessing = 0;
		};
		EE3B93622009A19A00DE4FF4 /* Resources */ = {
			isa = PBXResourcesBuildPhase;
			buildActionMask = 2147483647;
			files = (
			);
			runOnlyForDeploymentPostprocessing = 0;
		};
/* End PBXResourcesBuildPhase section */

/* Begin PBXSourcesBuildPhase section */
		EE3B93412009A19900DE4FF4 /* Sources */ = {
			isa = PBXSourcesBuildPhase;
			buildActionMask = 2147483647;
			files = (
				EE3B934B2009A19A00DE4FF4 /* ViewController.swift in Sources */,
				EE3B93492009A19A00DE4FF4 /* AppDelegate.swift in Sources */,
			);
			runOnlyForDeploymentPostprocessing = 0;
		};
		EE3B93552009A19A00DE4FF4 /* Sources */ = {
			isa = PBXSourcesBuildPhase;
			buildActionMask = 2147483647;
			files = (
				EE3B935E2009A19A00DE4FF4 /* dicebeyond_mobile_iosTests.swift in Sources */,
			);
			runOnlyForDeploymentPostprocessing = 0;
		};
		EE3B93602009A19A00DE4FF4 /* Sources */ = {
			isa = PBXSourcesBuildPhase;
			buildActionMask = 2147483647;
			files = (
				EE3B93692009A19A00DE4FF4 /* dicebeyond_mobile_iosUITests.swift in Sources */,
			);
			runOnlyForDeploymentPostprocessing = 0;
		};
/* End PBXSourcesBuildPhase section */

/* Begin PBXTargetDependency section */
		EE3B935B2009A19A00DE4FF4 /* PBXTargetDependency */ = {
			isa = PBXTargetDependency;
			target = EE3B93442009A19900DE4FF4 /* dicebeyond-mobile-ios */;
			targetProxy = EE3B935A2009A19A00DE4FF4 /* PBXContainerItemProxy */;
		};
		EE3B93662009A19A00DE4FF4 /* PBXTargetDependency */ = {
			isa = PBXTargetDependency;
			target = EE3B93442009A19900DE4FF4 /* dicebeyond-mobile-ios */;
			targetProxy = EE3B93652009A19A00DE4FF4 /* PBXContainerItemProxy */;
		};
/* End PBXTargetDependency section */

/* Begin PBXVariantGroup section */
		EE3B934C2009A19A00DE4FF4 /* Main.storyboard */ = {
			isa = PBXVariantGroup;
			children = (
				EE3B934D2009A19A00DE4FF4 /* Base */,
			);
			name = Main.storyboard;
			sourceTree = "<group>";
		};
		EE3B93512009A19A00DE4FF4 /* LaunchScreen.storyboard */ = {
			isa = PBXVariantGroup;
			children = (
				EE3B93522009A19A00DE4FF4 /* Base */,
			);
			name = LaunchScreen.storyboard;
			sourceTree = "<group>";
		};
/* End PBXVariantGroup section */

/* Begin XCBuildConfiguration section */
		EE3B936B2009A19A00DE4FF4 /* Debug */ = {
			isa = XCBuildConfiguration;
			buildSettings = {
				ALWAYS_SEARCH_USER_PATHS = NO;
				CLANG_ANALYZER_NONNULL = YES;
				CLANG_ANALYZER_NUMBER_OBJECT_CONVERSION = YES_AGGRESSIVE;
				CLANG_CXX_LANGUAGE_STANDARD = "gnu++14";
				CLANG_CXX_LIBRARY = "libc++";
				CLANG_ENABLE_MODULES = YES;
				CLANG_ENABLE_OBJC_ARC = YES;
				CLANG_WARN_BLOCK_CAPTURE_AUTORELEASING = YES;
				CLANG_WARN_BOOL_CONVERSION = YES;
				CLANG_WARN_COMMA = YES;
				CLANG_WARN_CONSTANT_CONVERSION = YES;
				CLANG_WARN_DIRECT_OBJC_ISA_USAGE = YES_ERROR;
				CLANG_WARN_DOCUMENTATION_COMMENTS = YES;
				CLANG_WARN_EMPTY_BODY = YES;
				CLANG_WARN_ENUM_CONVERSION = YES;
				CLANG_WARN_INFINITE_RECURSION = YES;
				CLANG_WARN_INT_CONVERSION = YES;
				CLANG_WARN_NON_LITERAL_NULL_CONVERSION = YES;
				CLANG_WARN_OBJC_LITERAL_CONVERSION = YES;
				CLANG_WARN_OBJC_ROOT_CLASS = YES_ERROR;
				CLANG_WARN_RANGE_LOOP_ANALYSIS = YES;
				CLANG_WARN_STRICT_PROTOTYPES = YES;
				CLANG_WARN_SUSPICIOUS_MOVE = YES;
				CLANG_WARN_UNGUARDED_AVAILABILITY = YES_AGGRESSIVE;
				CLANG_WARN_UNREACHABLE_CODE = YES;
				CLANG_WARN__DUPLICATE_METHOD_MATCH = YES;
				CODE_SIGN_IDENTITY = "iPhone Developer";
				COPY_PHASE_STRIP = NO;
				DEBUG_INFORMATION_FORMAT = dwarf;
				ENABLE_STRICT_OBJC_MSGSEND = YES;
				ENABLE_TESTABILITY = YES;
				GCC_C_LANGUAGE_STANDARD = gnu11;
				GCC_DYNAMIC_NO_PIC = NO;
				GCC_NO_COMMON_BLOCKS = YES;
				GCC_OPTIMIZATION_LEVEL = 0;
				GCC_PREPROCESSOR_DEFINITIONS = (
					"DEBUG=1",
					"$(inherited)",
				);
				GCC_WARN_64_TO_32_BIT_CONVERSION = YES;
				GCC_WARN_ABOUT_RETURN_TYPE = YES_ERROR;
				GCC_WARN_UNDECLARED_SELECTOR = YES;
				GCC_WARN_UNINITIALIZED_AUTOS = YES_AGGRESSIVE;
				GCC_WARN_UNUSED_FUNCTION = YES;
				GCC_WARN_UNUSED_VARIABLE = YES;
				IPHONEOS_DEPLOYMENT_TARGET = 11.2;
				MTL_ENABLE_DEBUG_INFO = YES;
				ONLY_ACTIVE_ARCH = YES;
				SDKROOT = iphoneos;
				SWIFT_ACTIVE_COMPILATION_CONDITIONS = DEBUG;
				SWIFT_OPTIMIZATION_LEVEL = "-Onone";
			};
			name = Debug;
		};
		EE3B936C2009A19A00DE4FF4 /* Release */ = {
			isa = XCBuildConfiguration;
			buildSettings = {
				ALWAYS_SEARCH_USER_PATHS = NO;
				CLANG_ANALYZER_NONNULL = YES;
				CLANG_ANALYZER_NUMBER_OBJECT_CONVERSION = YES_AGGRESSIVE;
				CLANG_CXX_LANGUAGE_STANDARD = "gnu++14";
				CLANG_CXX_LIBRARY = "libc++";
				CLANG_ENABLE_MODULES = YES;
				CLANG_ENABLE_OBJC_ARC = YES;
				CLANG_WARN_BLOCK_CAPTURE_AUTORELEASING = YES;
				CLANG_WARN_BOOL_CONVERSION = YES;
				CLANG_WARN_COMMA = YES;
				CLANG_WARN_CONSTANT_CONVERSION = YES;
				CLANG_WARN_DIRECT_OBJC_ISA_USAGE = YES_ERROR;
				CLANG_WARN_DOCUMENTATION_COMMENTS = YES;
				CLANG_WARN_EMPTY_BODY = YES;
				CLANG_WARN_ENUM_CONVERSION = YES;
				CLANG_WARN_INFINITE_RECURSION = YES;
				CLANG_WARN_INT_CONVERSION = YES;
				CLANG_WARN_NON_LITERAL_NULL_CONVERSION = YES;
				CLANG_WARN_OBJC_LITERAL_CONVERSION = YES;
				CLANG_WARN_OBJC_ROOT_CLASS = YES_ERROR;
				CLANG_WARN_RANGE_LOOP_ANALYSIS = YES;
				CLANG_WARN_STRICT_PROTOTYPES = YES;
				CLANG_WARN_SUSPICIOUS_MOVE = YES;
				CLANG_WARN_UNGUARDED_AVAILABILITY = YES_AGGRESSIVE;
				CLANG_WARN_UNREACHABLE_CODE = YES;
				CLANG_WARN__DUPLICATE_METHOD_MATCH = YES;
				CODE_SIGN_IDENTITY = "iPhone Developer";
				COPY_PHASE_STRIP = NO;
				DEBUG_INFORMATION_FORMAT = "dwarf-with-dsym";
				ENABLE_NS_ASSERTIONS = NO;
				ENABLE_STRICT_OBJC_MSGSEND = YES;
				GCC_C_LANGUAGE_STANDARD = gnu11;
				GCC_NO_COMMON_BLOCKS = YES;
				GCC_WARN_64_TO_32_BIT_CONVERSION = YES;
				GCC_WARN_ABOUT_RETURN_TYPE = YES_ERROR;
				GCC_WARN_UNDECLARED_SELECTOR = YES;
				GCC_WARN_UNINITIALIZED_AUTOS = YES_AGGRESSIVE;
				GCC_WARN_UNUSED_FUNCTION = YES;
				GCC_WARN_UNUSED_VARIABLE = YES;
				IPHONEOS_DEPLOYMENT_TARGET = 11.2;
				MTL_ENABLE_DEBUG_INFO = NO;
				SDKROOT = iphoneos;
				SWIFT_OPTIMIZATION_LEVEL = "-Owholemodule";
				VALIDATE_PRODUCT = YES;
			};
			name = Release;
		};
		EE3B936E2009A19A00DE4FF4 /* Debug */ = {
			isa = XCBuildConfiguration;
			buildSettings = {
				ASSETCATALOG_COMPILER_APPICON_NAME = AppIcon;
				CODE_SIGN_STYLE = Automatic;
				DEVELOPMENT_TEAM = JY5U35349C;
				INFOPLIST_FILE = "dicebeyond-mobile-ios/Info.plist";
				LD_RUNPATH_SEARCH_PATHS = "$(inherited) @executable_path/Frameworks";
				PRODUCT_BUNDLE_IDENTIFIER = "com.dicebeyond.dicebeyond-mobile-ios";
				PRODUCT_NAME = "$(TARGET_NAME)";
				SWIFT_VERSION = 4.0;
				TARGETED_DEVICE_FAMILY = "1,2";
			};
			name = Debug;
		};
		EE3B936F2009A19A00DE4FF4 /* Release */ = {
			isa = XCBuildConfiguration;
			buildSettings = {
				ASSETCATALOG_COMPILER_APPICON_NAME = AppIcon;
				CODE_SIGN_STYLE = Automatic;
				DEVELOPMENT_TEAM = JY5U35349C;
				INFOPLIST_FILE = "dicebeyond-mobile-ios/Info.plist";
				LD_RUNPATH_SEARCH_PATHS = "$(inherited) @executable_path/Frameworks";
				PRODUCT_BUNDLE_IDENTIFIER = "com.dicebeyond.dicebeyond-mobile-ios";
				PRODUCT_NAME = "$(TARGET_NAME)";
				SWIFT_VERSION = 4.0;
				TARGETED_DEVICE_FAMILY = "1,2";
			};
			name = Release;
		};
		EE3B93712009A19A00DE4FF4 /* Debug */ = {
			isa = XCBuildConfiguration;
			buildSettings = {
				ALWAYS_EMBED_SWIFT_STANDARD_LIBRARIES = YES;
				BUNDLE_LOADER = "$(TEST_HOST)";
				CODE_SIGN_STYLE = Automatic;
				DEVELOPMENT_TEAM = JY5U35349C;
				INFOPLIST_FILE = "dicebeyond-mobile-iosTests/Info.plist";
				LD_RUNPATH_SEARCH_PATHS = "$(inherited) @executable_path/Frameworks @loader_path/Frameworks";
				PRODUCT_BUNDLE_IDENTIFIER = "com.dicebeyond.dicebeyond-mobile-iosTests";
				PRODUCT_NAME = "$(TARGET_NAME)";
				SWIFT_VERSION = 4.0;
				TARGETED_DEVICE_FAMILY = "1,2";
				TEST_HOST = "$(BUILT_PRODUCTS_DIR)/dicebeyond-mobile-ios.app/dicebeyond-mobile-ios";
			};
			name = Debug;
		};
		EE3B93722009A19A00DE4FF4 /* Release */ = {
			isa = XCBuildConfiguration;
			buildSettings = {
				ALWAYS_EMBED_SWIFT_STANDARD_LIBRARIES = YES;
				BUNDLE_LOADER = "$(TEST_HOST)";
				CODE_SIGN_STYLE = Automatic;
				DEVELOPMENT_TEAM = JY5U35349C;
				INFOPLIST_FILE = "dicebeyond-mobile-iosTests/Info.plist";
				LD_RUNPATH_SEARCH_PATHS = "$(inherited) @executable_path/Frameworks @loader_path/Frameworks";
				PRODUCT_BUNDLE_IDENTIFIER = "com.dicebeyond.dicebeyond-mobile-iosTests";
				PRODUCT_NAME = "$(TARGET_NAME)";
				SWIFT_VERSION = 4.0;
				TARGETED_DEVICE_FAMILY = "1,2";
				TEST_HOST = "$(BUILT_PRODUCTS_DIR)/dicebeyond-mobile-ios.app/dicebeyond-mobile-ios";
			};
			name = Release;
		};
		EE3B93742009A19A00DE4FF4 /* Debug */ = {
			isa = XCBuildConfiguration;
			buildSettings = {
				ALWAYS_EMBED_SWIFT_STANDARD_LIBRARIES = YES;
				CODE_SIGN_STYLE = Automatic;
				DEVELOPMENT_TEAM = JY5U35349C;
				INFOPLIST_FILE = "dicebeyond-mobile-iosUITests/Info.plist";
				LD_RUNPATH_SEARCH_PATHS = "$(inherited) @executable_path/Frameworks @loader_path/Frameworks";
				PRODUCT_BUNDLE_IDENTIFIER = "com.dicebeyond.dicebeyond-mobile-iosUITests";
				PRODUCT_NAME = "$(TARGET_NAME)";
				SWIFT_VERSION = 4.0;
				TARGETED_DEVICE_FAMILY = "1,2";
				TEST_TARGET_NAME = "dicebeyond-mobile-ios";
			};
			name = Debug;
		};
		EE3B93752009A19A00DE4FF4 /* Release */ = {
			isa = XCBuildConfiguration;
			buildSettings = {
				ALWAYS_EMBED_SWIFT_STANDARD_LIBRARIES = YES;
				CODE_SIGN_STYLE = Automatic;
				DEVELOPMENT_TEAM = JY5U35349C;
				INFOPLIST_FILE = "dicebeyond-mobile-iosUITests/Info.plist";
				LD_RUNPATH_SEARCH_PATHS = "$(inherited) @executable_path/Frameworks @loader_path/Frameworks";
				PRODUCT_BUNDLE_IDENTIFIER = "com.dicebeyond.dicebeyond-mobile-iosUITests";
				PRODUCT_NAME = "$(TARGET_NAME)";
				SWIFT_VERSION = 4.0;
				TARGETED_DEVICE_FAMILY = "1,2";
				TEST_TARGET_NAME = "dicebeyond-mobile-ios";
			};
			name = Release;
		};
/* End XCBuildConfiguration section */

/* Begin XCConfigurationList section */
		EE3B93402009A19900DE4FF4 /* Build configuration list for PBXProject "dicebeyond-mobile-ios" */ = {
			isa = XCConfigurationList;
			buildConfigurations = (
				EE3B936B2009A19A00DE4FF4 /* Debug */,
				EE3B936C2009A19A00DE4FF4 /* Release */,
			);
			defaultConfigurationIsVisible = 0;
			defaultConfigurationName = Release;
		};
		EE3B936D2009A19A00DE4FF4 /* Build configuration list for PBXNativeTarget "dicebeyond-mobile-ios" */ = {
			isa = XCConfigurationList;
			buildConfigurations = (
				EE3B936E2009A19A00DE4FF4 /* Debug */,
				EE3B936F2009A19A00DE4FF4 /* Release */,
			);
			defaultConfigurationIsVisible = 0;
			defaultConfigurationName = Release;
		};
		EE3B93702009A19A00DE4FF4 /* Build configuration list for PBXNativeTarget "dicebeyond-mobile-iosTests" */ = {
			isa = XCConfigurationList;
			buildConfigurations = (
				EE3B93712009A19A00DE4FF4 /* Debug */,
				EE3B93722009A19A00DE4FF4 /* Release */,
			);
			defaultConfigurationIsVisible = 0;
			defaultConfigurationName = Release;
		};
		EE3B93732009A19A00DE4FF4 /* Build configuration list for PBXNativeTarget "dicebeyond-mobile-iosUITests" */ = {
			isa = XCConfigurationList;
			buildConfigurations = (
				EE3B93742009A19A00DE4FF4 /* Debug */,
				EE3B93752009A19A00DE4FF4 /* Release */,
			);
			defaultConfigurationIsVisible = 0;
			defaultConfigurationName = Release;
		};
/* End XCConfigurationList section */
	};
	rootObject = EE3B933D2009A19900DE4FF4 /* Project object */;
}
